
Microsoft Visual Studio Solution File, Format Version 12.00
# Visual Studio Version 17
VisualStudioVersion = 17.9.34723.18
MinimumVisualStudioVersion = 10.0.40219.1
Project("{FAE04EC0-301F-11D3-BF4B-00C04F79EFBC}") = "RabbitPublisher1", "RabbitPublisher1\RabbitPublisher1.csproj", "{7DCBEF42-255C-4237-B370-757D590E165A}"
EndProject
Project("{FAE04EC0-301F-11D3-BF4B-00C04F79EFBC}") = "RabbitConsumer1", "RabbitConsumer1\RabbitConsumer1.csproj", "{A5E654A4-6E4C-4D78-855D-AB7B3D9C95A9}"
EndProject
Global
	GlobalSection(SolutionConfigurationPlatforms) = preSolution
		Debug|Any CPU = Debug|Any CPU
		Release|Any CPU = Release|Any CPU
	EndGlobalSection
	GlobalSection(ProjectConfigurationPlatforms) = postSolution
		{7DCBEF42-255C-4237-B370-757D590E165A}.Debug|Any CPU.ActiveCfg = Debug|Any CPU
		{7DCBEF42-255C-4237-B370-757D590E165A}.Debug|Any CPU.Build.0 = Debug|Any CPU
		{7DCBEF42-255C-4237-B370-757D590E165A}.Release|Any CPU.ActiveCfg = Release|Any CPU
		{7DCBEF42-255C-4237-B370-757D590E165A}.Release|Any CPU.Build.0 = Release|Any CPU
		{A5E654A4-6E4C-4D78-855D-AB7B3D9C95A9}.Debug|Any CPU.ActiveCfg = Debug|Any CPU
		{A5E654A4-6E4C-4D78-855D-AB7B3D9C95A9}.Debug|Any CPU.Build.0 = Debug|Any CPU
		{A5E654A4-6E4C-4D78-855D-AB7B3D9C95A9}.Release|Any CPU.ActiveCfg = Release|Any CPU
		{A5E654A4-6E4C-4D78-855D-AB7B3D9C95A9}.Release|Any CPU.Build.0 = Release|Any CPU
	EndGlobalSection
	GlobalSection(SolutionProperties) = preSolution
		HideSolutionNode = FALSE
	EndGlobalSection
	GlobalSection(ExtensibilityGlobals) = postSolution
		SolutionGuid = {16C95352-49B9-49D2-95FE-1C5DA4907EAC}
	EndGlobalSection
EndGlobal
